
Microsoft Visual Studio Solution File, Format Version 12.00
# Visual Studio Version 17
VisualStudioVersion = 17.8.34511.84
MinimumVisualStudioVersion = 10.0.40219.1
Project("{9A19103F-16F7-4668-BE54-9A1E7A4F7556}") = "VideoRental", "VideoRental\VideoRental.csproj", "{B1569F46-F1BF-41C7-B12A-C777CE86A697}"
EndProject
Project("{9A19103F-16F7-4668-BE54-9A1E7A4F7556}") = "VideoRentalTests", "VideoRentalTests\VideoRentalTests.csproj", "{1206612F-96F2-4684-ABC0-B715E172DE60}"
EndProject
Global
	GlobalSection(SolutionConfigurationPlatforms) = preSolution
		Debug|Any CPU = Debug|Any CPU
		Release|Any CPU = Release|Any CPU
	EndGlobalSection
	GlobalSection(ProjectConfigurationPlatforms) = postSolution
		{B1569F46-F1BF-41C7-B12A-C777CE86A697}.Debug|Any CPU.ActiveCfg = Debug|Any CPU
		{B1569F46-F1BF-41C7-B12A-C777CE86A697}.Debug|Any CPU.Build.0 = Debug|Any CPU
		{B1569F46-F1BF-41C7-B12A-C777CE86A697}.Release|Any CPU.ActiveCfg = Release|Any CPU
		{B1569F46-F1BF-41C7-B12A-C777CE86A697}.Release|Any CPU.Build.0 = Release|Any CPU
		{1206612F-96F2-4684-ABC0-B715E172DE60}.Debug|Any CPU.ActiveCfg = Debug|Any CPU
		{1206612F-96F2-4684-ABC0-B715E172DE60}.Debug|Any CPU.Build.0 = Debug|Any CPU
		{1206612F-96F2-4684-ABC0-B715E172DE60}.Release|Any CPU.ActiveCfg = Release|Any CPU
		{1206612F-96F2-4684-ABC0-B715E172DE60}.Release|Any CPU.Build.0 = Release|Any CPU
	EndGlobalSection
	GlobalSection(SolutionProperties) = preSolution
		HideSolutionNode = FALSE
	EndGlobalSection
	GlobalSection(ExtensibilityGlobals) = postSolution
		SolutionGuid = {C8ED192C-4E04-4A1D-97D7-F9C53E29285D}
	EndGlobalSection
EndGlobal
